// !$*UTF8*$!
{
	archiveVersion = 1;
	classes = {
	};
	objectVersion = 46;
	objects = {

/* Begin PBXBuildFile section */
		F3B9956616D20FF70058FDA6 /* UIKit.framework in Frameworks */ = {isa = PBXBuildFile; fileRef = F3B9956516D20FF70058FDA6 /* UIKit.framework */; };
		F3B9956816D20FF70058FDA6 /* Foundation.framework in Frameworks */ = {isa = PBXBuildFile; fileRef = F3B9956716D20FF70058FDA6 /* Foundation.framework */; };
		F3B9956A16D20FF70058FDA6 /* CoreGraphics.framework in Frameworks */ = {isa = PBXBuildFile; fileRef = F3B9956916D20FF70058FDA6 /* CoreGraphics.framework */; };
		F3B9957016D20FF70058FDA6 /* InfoPlist.strings in Resources */ = {isa = PBXBuildFile; fileRef = F3B9956E16D20FF70058FDA6 /* InfoPlist.strings */; };
		F3B9957216D20FF70058FDA6 /* main.m in Sources */ = {isa = PBXBuildFile; fileRef = F3B9957116D20FF70058FDA6 /* main.m */; };
		F3B9957616D20FF70058FDA6 /* AppDelegate.m in Sources */ = {isa = PBXBuildFile; fileRef = F3B9957516D20FF70058FDA6 /* AppDelegate.m */; };
		F3B9957816D20FF70058FDA6 /* Default.png in Resources */ = {isa = PBXBuildFile; fileRef = F3B9957716D20FF70058FDA6 /* Default.png */; };
		F3B9957A16D20FF70058FDA6 /* Default@2x.png in Resources */ = {isa = PBXBuildFile; fileRef = F3B9957916D20FF70058FDA6 /* Default@2x.png */; };
		F3B9957C16D20FF70058FDA6 /* Default-568h@2x.png in Resources */ = {isa = PBXBuildFile; fileRef = F3B9957B16D20FF70058FDA6 /* Default-568h@2x.png */; };
		F3B9957F16D20FF70058FDA6 /* ViewController.m in Sources */ = {isa = PBXBuildFile; fileRef = F3B9957E16D20FF70058FDA6 /* ViewController.m */; };
		F3B9958216D20FF70058FDA6 /* ViewController.xib in Resources */ = {isa = PBXBuildFile; fileRef = F3B9958016D20FF70058FDA6 /* ViewController.xib */; };
/* End PBXBuildFile section */

/* Begin PBXFileReference section */
		F3B9956116D20FF70058FDA6 /* Kayak Horizons.app */ = {isa = PBXFileReference; explicitFileType = wrapper.application; includeInIndex = 0; path = "Kayak Horizons.app"; sourceTree = BUILT_PRODUCTS_DIR; };
		F3B9956516D20FF70058FDA6 /* UIKit.framework */ = {isa = PBXFileReference; lastKnownFileType = wrapper.framework; name = UIKit.framework; path = System/Library/Frameworks/UIKit.framework; sourceTree = SDKROOT; };
		F3B9956716D20FF70058FDA6 /* Foundation.framework */ = {isa = PBXFileReference; lastKnownFileType = wrapper.framework; name = Foundation.framework; path = System/Library/Frameworks/Foundation.framework; sourceTree = SDKROOT; };
		F3B9956916D20FF70058FDA6 /* CoreGraphics.framework */ = {isa = PBXFileReference; lastKnownFileType = wrapper.framework; name = CoreGraphics.framework; path = System/Library/Frameworks/CoreGraphics.framework; sourceTree = SDKROOT; };
		F3B9956D16D20FF70058FDA6 /* Kayak Horizons-Info.plist */ = {isa = PBXFileReference; lastKnownFileType = text.plist.xml; path = "Kayak Horizons-Info.plist"; sourceTree = "<group>"; };
		F3B9956F16D20FF70058FDA6 /* en */ = {isa = PBXFileReference; lastKnownFileType = text.plist.strings; name = en; path = en.lproj/InfoPlist.strings; sourceTree = "<group>"; };
		F3B9957116D20FF70058FDA6 /* main.m */ = {isa = PBXFileReference; lastKnownFileType = sourcecode.c.objc; path = main.m; sourceTree = "<group>"; };
		F3B9957316D20FF70058FDA6 /* Kayak Horizons-Prefix.pch */ = {isa = PBXFileReference; lastKnownFileType = sourcecode.c.h; path = "Kayak Horizons-Prefix.pch"; sourceTree = "<group>"; };
		F3B9957416D20FF70058FDA6 /* AppDelegate.h */ = {isa = PBXFileReference; lastKnownFileType = sourcecode.c.h; path = AppDelegate.h; sourceTree = "<group>"; };
		F3B9957516D20FF70058FDA6 /* AppDelegate.m */ = {isa = PBXFileReference; lastKnownFileType = sourcecode.c.objc; path = AppDelegate.m; sourceTree = "<group>"; };
		F3B9957716D20FF70058FDA6 /* Default.png */ = {isa = PBXFileReference; lastKnownFileType = image.png; path = Default.png; sourceTree = "<group>"; };
		F3B9957916D20FF70058FDA6 /* Default@2x.png */ = {isa = PBXFileReference; lastKnownFileType = image.png; path = "Default@2x.png"; sourceTree = "<group>"; };
		F3B9957B16D20FF70058FDA6 /* Default-568h@2x.png */ = {isa = PBXFileReference; lastKnownFileType = image.png; path = "Default-568h@2x.png"; sourceTree = "<group>"; };
		F3B9957D16D20FF70058FDA6 /* ViewController.h */ = {isa = PBXFileReference; lastKnownFileType = sourcecode.c.h; path = ViewController.h; sourceTree = "<group>"; };
		F3B9957E16D20FF70058FDA6 /* ViewController.m */ = {isa = PBXFileReference; lastKnownFileType = sourcecode.c.objc; path = ViewController.m; sourceTree = "<group>"; };
		F3B9958116D20FF70058FDA6 /* en */ = {isa = PBXFileReference; lastKnownFileType = file.xib; name = en; path = en.lproj/ViewController.xib; sourceTree = "<group>"; };
/* End PBXFileReference section */

/* Begin PBXFrameworksBuildPhase section */
		F3B9955E16D20FF70058FDA6 /* Frameworks */ = {
			isa = PBXFrameworksBuildPhase;
			buildActionMask = 2147483647;
			files = (
				F3B9956616D20FF70058FDA6 /* UIKit.framework in Frameworks */,
				F3B9956816D20FF70058FDA6 /* Foundation.framework in Frameworks */,
				F3B9956A16D20FF70058FDA6 /* CoreGraphics.framework in Frameworks */,
			);
			runOnlyForDeploymentPostprocessing = 0;
		};
/* End PBXFrameworksBuildPhase section */

/* Begin PBXGroup section */
		F3B9955616D20FF70058FDA6 = {
			isa = PBXGroup;
			children = (
				F3B9956B16D20FF70058FDA6 /* Kayak Horizons */,
				F3B9956416D20FF70058FDA6 /* Frameworks */,
				F3B9956216D20FF70058FDA6 /* Products */,
			);
			sourceTree = "<group>";
		};
		F3B9956216D20FF70058FDA6 /* Products */ = {
			isa = PBXGroup;
			children = (
				F3B9956116D20FF70058FDA6 /* Kayak Horizons.app */,
			);
			name = Products;
			sourceTree = "<group>";
		};
		F3B9956416D20FF70058FDA6 /* Frameworks */ = {
			isa = PBXGroup;
			children = (
				F3B9956516D20FF70058FDA6 /* UIKit.framework */,
				F3B9956716D20FF70058FDA6 /* Foundation.framework */,
				F3B9956916D20FF70058FDA6 /* CoreGraphics.framework */,
			);
			name = Frameworks;
			sourceTree = "<group>";
		};
		F3B9956B16D20FF70058FDA6 /* Kayak Horizons */ = {
			isa = PBXGroup;
			children = (
				F3B9957416D20FF70058FDA6 /* AppDelegate.h */,
				F3B9957516D20FF70058FDA6 /* AppDelegate.m */,
				F3B9957D16D20FF70058FDA6 /* ViewController.h */,
				F3B9957E16D20FF70058FDA6 /* ViewController.m */,
				F3B9958016D20FF70058FDA6 /* ViewController.xib */,
				F3B9956C16D20FF70058FDA6 /* Supporting Files */,
			);
			path = "Kayak Horizons";
			sourceTree = "<group>";
		};
		F3B9956C16D20FF70058FDA6 /* Supporting Files */ = {
			isa = PBXGroup;
			children = (
				F3B9956D16D20FF70058FDA6 /* Kayak Horizons-Info.plist */,
				F3B9956E16D20FF70058FDA6 /* InfoPlist.strings */,
				F3B9957116D20FF70058FDA6 /* main.m */,
				F3B9957316D20FF70058FDA6 /* Kayak Horizons-Prefix.pch */,
				F3B9957716D20FF70058FDA6 /* Default.png */,
				F3B9957916D20FF70058FDA6 /* Default@2x.png */,
				F3B9957B16D20FF70058FDA6 /* Default-568h@2x.png */,
			);
			name = "Supporting Files";
			sourceTree = "<group>";
		};
/* End PBXGroup section */

/* Begin PBXNativeTarget section */
		F3B9956016D20FF70058FDA6 /* Kayak Horizons */ = {
			isa = PBXNativeTarget;
			buildConfigurationList = F3B9958516D20FF70058FDA6 /* Build configuration list for PBXNativeTarget "Kayak Horizons" */;
			buildPhases = (
				F3B9955D16D20FF70058FDA6 /* Sources */,
				F3B9955E16D20FF70058FDA6 /* Frameworks */,
				F3B9955F16D20FF70058FDA6 /* Resources */,
			);
			buildRules = (
			);
			dependencies = (
			);
			name = "Kayak Horizons";
			productName = "Kayak Horizons";
			productReference = F3B9956116D20FF70058FDA6 /* Kayak Horizons.app */;
			productType = "com.apple.product-type.application";
		};
/* End PBXNativeTarget section */

/* Begin PBXProject section */
		F3B9955816D20FF70058FDA6 /* Project object */ = {
			isa = PBXProject;
			attributes = {
				LastUpgradeCheck = 0450;
				ORGANIZATIONNAME = "Kayak Horizons";
			};
			buildConfigurationList = F3B9955B16D20FF70058FDA6 /* Build configuration list for PBXProject "Kayak Horizons" */;
			compatibilityVersion = "Xcode 3.2";
			developmentRegion = English;
			hasScannedForEncodings = 0;
			knownRegions = (
				en,
			);
			mainGroup = F3B9955616D20FF70058FDA6;
			productRefGroup = F3B9956216D20FF70058FDA6 /* Products */;
			projectDirPath = "";
			projectRoot = "";
			targets = (
				F3B9956016D20FF70058FDA6 /* Kayak Horizons */,
			);
		};
/* End PBXProject section */

/* Begin PBXResourcesBuildPhase section */
		F3B9955F16D20FF70058FDA6 /* Resources */ = {
			isa = PBXResourcesBuildPhase;
			buildActionMask = 2147483647;
			files = (
				F3B9957016D20FF70058FDA6 /* InfoPlist.strings in Resources */,
				F3B9957816D20FF70058FDA6 /* Default.png in Resources */,
				F3B9957A16D20FF70058FDA6 /* Default@2x.png in Resources */,
				F3B9957C16D20FF70058FDA6 /* Default-568h@2x.png in Resources */,
				F3B9958216D20FF70058FDA6 /* ViewController.xib in Resources */,
			);
			runOnlyForDeploymentPostprocessing = 0;
		};
/* End PBXResourcesBuildPhase section */

/* Begin PBXSourcesBuildPhase section */
		F3B9955D16D20FF70058FDA6 /* Sources */ = {
			isa = PBXSourcesBuildPhase;
			buildActionMask = 2147483647;
			files = (
				F3B9957216D20FF70058FDA6 /* main.m in Sources */,
				F3B9957616D20FF70058FDA6 /* AppDelegate.m in Sources */,
				F3B9957F16D20FF70058FDA6 /* ViewController.m in Sources */,
			);
			runOnlyForDeploymentPostprocessing = 0;
		};
/* End PBXSourcesBuildPhase section */

/* Begin PBXVariantGroup section */
		F3B9956E16D20FF70058FDA6 /* InfoPlist.strings */ = {
			isa = PBXVariantGroup;
			children = (
				F3B9956F16D20FF70058FDA6 /* en */,
			);
			name = InfoPlist.strings;
			sourceTree = "<group>";
		};
		F3B9958016D20FF70058FDA6 /* ViewController.xib */ = {
			isa = PBXVariantGroup;
			children = (
				F3B9958116D20FF70058FDA6 /* en */,
			);
			name = ViewController.xib;
			sourceTree = "<group>";
		};
/* End PBXVariantGroup section */

/* Begin XCBuildConfiguration section */
		F3B9958316D20FF70058FDA6 /* Debug */ = {
			isa = XCBuildConfiguration;
			buildSettings = {
				ALWAYS_SEARCH_USER_PATHS = NO;
				CLANG_CXX_LANGUAGE_STANDARD = "gnu++0x";
				CLANG_CXX_LIBRARY = "libc++";
				CLANG_ENABLE_OBJC_ARC = YES;
				CLANG_WARN_EMPTY_BODY = YES;
				CLANG_WARN__DUPLICATE_METHOD_MATCH = YES;
				"CODE_SIGN_IDENTITY[sdk=iphoneos*]" = "iPhone Developer";
				COPY_PHASE_STRIP = NO;
				GCC_C_LANGUAGE_STANDARD = gnu99;
				GCC_DYNAMIC_NO_PIC = NO;
				GCC_OPTIMIZATION_LEVEL = 0;
				GCC_PREPROCESSOR_DEFINITIONS = (
					"DEBUG=1",
					"$(inherited)",
				);
				GCC_SYMBOLS_PRIVATE_EXTERN = NO;
				GCC_WARN_ABOUT_RETURN_TYPE = YES;
				GCC_WARN_UNINITIALIZED_AUTOS = YES;
				GCC_WARN_UNUSED_VARIABLE = YES;
				IPHONEOS_DEPLOYMENT_TARGET = 6.0;
				ONLY_ACTIVE_ARCH = YES;
				SDKROOT = iphoneos;
			};
			name = Debug;
		};
		F3B9958416D20FF70058FDA6 /* Release */ = {
			isa = XCBuildConfiguration;
			buildSettings = {
				ALWAYS_SEARCH_USER_PATHS = NO;
				CLANG_CXX_LANGUAGE_STANDARD = "gnu++0x";
				CLANG_CXX_LIBRARY = "libc++";
				CLANG_ENABLE_OBJC_ARC = YES;
				CLANG_WARN_EMPTY_BODY = YES;
				CLANG_WARN__DUPLICATE_METHOD_MATCH = YES;
				"CODE_SIGN_IDENTITY[sdk=iphoneos*]" = "iPhone Developer";
				COPY_PHASE_STRIP = YES;
				GCC_C_LANGUAGE_STANDARD = gnu99;
				GCC_WARN_ABOUT_RETURN_TYPE = YES;
				GCC_WARN_UNINITIALIZED_AUTOS = YES;
				GCC_WARN_UNUSED_VARIABLE = YES;
				IPHONEOS_DEPLOYMENT_TARGET = 6.0;
				OTHER_CFLAGS = "-DNS_BLOCK_ASSERTIONS=1";
				SDKROOT = iphoneos;
				VALIDATE_PRODUCT = YES;
			};
			name = Release;
		};
		F3B9958616D20FF70058FDA6 /* Debug */ = {
			isa = XCBuildConfiguration;
			buildSettings = {
				GCC_PRECOMPILE_PREFIX_HEADER = YES;
				GCC_PREFIX_HEADER = "Kayak Horizons/Kayak Horizons-Prefix.pch";
				INFOPLIST_FILE = "Kayak Horizons/Kayak Horizons-Info.plist";
				PRODUCT_NAME = "$(TARGET_NAME)";
				WRAPPER_EXTENSION = app;
			};
			name = Debug;
		};
		F3B9958716D20FF70058FDA6 /* Release */ = {
			isa = XCBuildConfiguration;
			buildSettings = {
				GCC_PRECOMPILE_PREFIX_HEADER = YES;
				GCC_PREFIX_HEADER = "Kayak Horizons/Kayak Horizons-Prefix.pch";
				INFOPLIST_FILE = "Kayak Horizons/Kayak Horizons-Info.plist";
				PRODUCT_NAME = "$(TARGET_NAME)";
				WRAPPER_EXTENSION = app;
			};
			name = Release;
		};
/* End XCBuildConfiguration section */

/* Begin XCConfigurationList section */
		F3B9955B16D20FF70058FDA6 /* Build configuration list for PBXProject "Kayak Horizons" */ = {
			isa = XCConfigurationList;
			buildConfigurations = (
				F3B9958316D20FF70058FDA6 /* Debug */,
				F3B9958416D20FF70058FDA6 /* Release */,
			);
			defaultConfigurationIsVisible = 0;
			defaultConfigurationName = Release;
		};
		F3B9958516D20FF70058FDA6 /* Build configuration list for PBXNativeTarget "Kayak Horizons" */ = {
			isa = XCConfigurationList;
			buildConfigurations = (
				F3B9958616D20FF70058FDA6 /* Debug */,
				F3B9958716D20FF70058FDA6 /* Release */,
			);
			defaultConfigurationIsVisible = 0;
		};
/* End XCConfigurationList section */
	};
	rootObject = F3B9955816D20FF70058FDA6 /* Project object */;
}
